// !$*UTF8*$!
{
	archiveVersion = 1;
	classes = {
	};
	objectVersion = 55;
	objects = {

/* Begin PBXBuildFile section */
		9327A76D280B23F30044C8D5 /* AppDelegate.swift in Sources */ = {isa = PBXBuildFile; fileRef = 9327A76C280B23F30044C8D5 /* AppDelegate.swift */; };
		9327A76F280B23F30044C8D5 /* SceneDelegate.swift in Sources */ = {isa = PBXBuildFile; fileRef = 9327A76E280B23F30044C8D5 /* SceneDelegate.swift */; };
		9327A771280B23F30044C8D5 /* ViewController.swift in Sources */ = {isa = PBXBuildFile; fileRef = 9327A770280B23F30044C8D5 /* ViewController.swift */; };
		9327A774280B23F30044C8D5 /* Main.storyboard in Resources */ = {isa = PBXBuildFile; fileRef = 9327A772280B23F30044C8D5 /* Main.storyboard */; };
		9327A776280B23F80044C8D5 /* Assets.xcassets in Resources */ = {isa = PBXBuildFile; fileRef = 9327A775280B23F80044C8D5 /* Assets.xcassets */; };
		9327A779280B23F80044C8D5 /* LaunchScreen.storyboard in Resources */ = {isa = PBXBuildFile; fileRef = 9327A777280B23F80044C8D5 /* LaunchScreen.storyboard */; };
		9327A781280B25F10044C8D5 /* StateData.swift in Sources */ = {isa = PBXBuildFile; fileRef = 9327A780280B25F00044C8D5 /* StateData.swift */; };
		9327A783280B2AE60044C8D5 /* CoronaData.swift in Sources */ = {isa = PBXBuildFile; fileRef = 9327A782280B2AE50044C8D5 /* CoronaData.swift */; };
		9327A785280B35EE0044C8D5 /* DetailViewController.swift in Sources */ = {isa = PBXBuildFile; fileRef = 9327A784280B35EE0044C8D5 /* DetailViewController.swift */; };
		9327A787280B422E0044C8D5 /* SplashScreenViewController.swift in Sources */ = {isa = PBXBuildFile; fileRef = 9327A786280B422D0044C8D5 /* SplashScreenViewController.swift */; };
/* End PBXBuildFile section */

/* Begin PBXFileReference section */
		9327A769280B23F30044C8D5 /* Pocket Fauci.app */ = {isa = PBXFileReference; explicitFileType = wrapper.application; includeInIndex = 0; path = "Pocket Fauci.app"; sourceTree = BUILT_PRODUCTS_DIR; };
		9327A76C280B23F30044C8D5 /* AppDelegate.swift */ = {isa = PBXFileReference; lastKnownFileType = sourcecode.swift; path = AppDelegate.swift; sourceTree = "<group>"; };
		9327A76E280B23F30044C8D5 /* SceneDelegate.swift */ = {isa = PBXFileReference; lastKnownFileType = sourcecode.swift; path = SceneDelegate.swift; sourceTree = "<group>"; };
		9327A770280B23F30044C8D5 /* ViewController.swift */ = {isa = PBXFileReference; lastKnownFileType = sourcecode.swift; path = ViewController.swift; sourceTree = "<group>"; };
		9327A773280B23F30044C8D5 /* Base */ = {isa = PBXFileReference; lastKnownFileType = file.storyboard; name = Base; path = Base.lproj/Main.storyboard; sourceTree = "<group>"; };
		9327A775280B23F80044C8D5 /* Assets.xcassets */ = {isa = PBXFileReference; lastKnownFileType = folder.assetcatalog; path = Assets.xcassets; sourceTree = "<group>"; };
		9327A778280B23F80044C8D5 /* Base */ = {isa = PBXFileReference; lastKnownFileType = file.storyboard; name = Base; path = Base.lproj/LaunchScreen.storyboard; sourceTree = "<group>"; };
		9327A77A280B23F80044C8D5 /* Info.plist */ = {isa = PBXFileReference; lastKnownFileType = text.plist.xml; path = Info.plist; sourceTree = "<group>"; };
		9327A780280B25F00044C8D5 /* StateData.swift */ = {isa = PBXFileReference; lastKnownFileType = sourcecode.swift; path = StateData.swift; sourceTree = "<group>"; };
		9327A782280B2AE50044C8D5 /* CoronaData.swift */ = {isa = PBXFileReference; lastKnownFileType = sourcecode.swift; path = CoronaData.swift; sourceTree = "<group>"; };
		9327A784280B35EE0044C8D5 /* DetailViewController.swift */ = {isa = PBXFileReference; lastKnownFileType = sourcecode.swift; path = DetailViewController.swift; sourceTree = "<group>"; };
		9327A786280B422D0044C8D5 /* SplashScreenViewController.swift */ = {isa = PBXFileReference; lastKnownFileType = sourcecode.swift; path = SplashScreenViewController.swift; sourceTree = "<group>"; };
/* End PBXFileReference section */

/* Begin PBXFrameworksBuildPhase section */
		9327A766280B23F30044C8D5 /* Frameworks */ = {
			isa = PBXFrameworksBuildPhase;
			buildActionMask = 2147483647;
			files = (
			);
			runOnlyForDeploymentPostprocessing = 0;
		};
/* End PBXFrameworksBuildPhase section */

/* Begin PBXGroup section */
		9327A760280B23F20044C8D5 = {
			isa = PBXGroup;
			children = (
				9327A76B280B23F30044C8D5 /* Pocket Fauci */,
				9327A76A280B23F30044C8D5 /* Products */,
			);
			sourceTree = "<group>";
		};
		9327A76A280B23F30044C8D5 /* Products */ = {
			isa = PBXGroup;
			children = (
				9327A769280B23F30044C8D5 /* Pocket Fauci.app */,
			);
			name = Products;
			sourceTree = "<group>";
		};
		9327A76B280B23F30044C8D5 /* Pocket Fauci */ = {
			isa = PBXGroup;
			children = (
				9327A76C280B23F30044C8D5 /* AppDelegate.swift */,
				9327A76E280B23F30044C8D5 /* SceneDelegate.swift */,
				9327A780280B25F00044C8D5 /* StateData.swift */,
				9327A782280B2AE50044C8D5 /* CoronaData.swift */,
				9327A786280B422D0044C8D5 /* SplashScreenViewController.swift */,
				9327A770280B23F30044C8D5 /* ViewController.swift */,
				9327A784280B35EE0044C8D5 /* DetailViewController.swift */,
				9327A772280B23F30044C8D5 /* Main.storyboard */,
				9327A775280B23F80044C8D5 /* Assets.xcassets */,
				9327A777280B23F80044C8D5 /* LaunchScreen.storyboard */,
				9327A77A280B23F80044C8D5 /* Info.plist */,
			);
			path = "Pocket Fauci";
			sourceTree = "<group>";
		};
/* End PBXGroup section */

/* Begin PBXNativeTarget section */
		9327A768280B23F30044C8D5 /* Pocket Fauci */ = {
			isa = PBXNativeTarget;
			buildConfigurationList = 9327A77D280B23F80044C8D5 /* Build configuration list for PBXNativeTarget "Pocket Fauci" */;
			buildPhases = (
				9327A765280B23F30044C8D5 /* Sources */,
				9327A766280B23F30044C8D5 /* Frameworks */,
				9327A767280B23F30044C8D5 /* Resources */,
			);
			buildRules = (
			);
			dependencies = (
			);
			name = "Pocket Fauci";
			productName = "Pocket Fauci";
			productReference = 9327A769280B23F30044C8D5 /* Pocket Fauci.app */;
			productType = "com.apple.product-type.application";
		};
/* End PBXNativeTarget section */

/* Begin PBXProject section */
		9327A761280B23F20044C8D5 /* Project object */ = {
			isa = PBXProject;
			attributes = {
				BuildIndependentTargetsInParallel = 1;
				LastSwiftUpdateCheck = 1330;
				LastUpgradeCheck = 1330;
				TargetAttributes = {
					9327A768280B23F30044C8D5 = {
						CreatedOnToolsVersion = 13.3.1;
					};
				};
			};
			buildConfigurationList = 9327A764280B23F20044C8D5 /* Build configuration list for PBXProject "Pocket Fauci" */;
			compatibilityVersion = "Xcode 13.0";
			developmentRegion = en;
			hasScannedForEncodings = 0;
			knownRegions = (
				en,
				Base,
			);
			mainGroup = 9327A760280B23F20044C8D5;
			productRefGroup = 9327A76A280B23F30044C8D5 /* Products */;
			projectDirPath = "";
			projectRoot = "";
			targets = (
				9327A768280B23F30044C8D5 /* Pocket Fauci */,
			);
		};
/* End PBXProject section */

/* Begin PBXResourcesBuildPhase section */
		9327A767280B23F30044C8D5 /* Resources */ = {
			isa = PBXResourcesBuildPhase;
			buildActionMask = 2147483647;
			files = (
				9327A779280B23F80044C8D5 /* LaunchScreen.storyboard in Resources */,
				9327A776280B23F80044C8D5 /* Assets.xcassets in Resources */,
				9327A774280B23F30044C8D5 /* Main.storyboard in Resources */,
			);
			runOnlyForDeploymentPostprocessing = 0;
		};
/* End PBXResourcesBuildPhase section */

/* Begin PBXSourcesBuildPhase section */
		9327A765280B23F30044C8D5 /* Sources */ = {
			isa = PBXSourcesBuildPhase;
			buildActionMask = 2147483647;
			files = (
				9327A771280B23F30044C8D5 /* ViewController.swift in Sources */,
				9327A781280B25F10044C8D5 /* StateData.swift in Sources */,
				9327A787280B422E0044C8D5 /* SplashScreenViewController.swift in Sources */,
				9327A76D280B23F30044C8D5 /* AppDelegate.swift in Sources */,
				9327A785280B35EE0044C8D5 /* DetailViewController.swift in Sources */,
				9327A76F280B23F30044C8D5 /* SceneDelegate.swift in Sources */,
				9327A783280B2AE60044C8D5 /* CoronaData.swift in Sources */,
			);
			runOnlyForDeploymentPostprocessing = 0;
		};
/* End PBXSourcesBuildPhase section */

/* Begin PBXVariantGroup section */
		9327A772280B23F30044C8D5 /* Main.storyboard */ = {
			isa = PBXVariantGroup;
			children = (
				9327A773280B23F30044C8D5 /* Base */,
			);
			name = Main.storyboard;
			sourceTree = "<group>";
		};
		9327A777280B23F80044C8D5 /* LaunchScreen.storyboard */ = {
			isa = PBXVariantGroup;
			children = (
				9327A778280B23F80044C8D5 /* Base */,
			);
			name = LaunchScreen.storyboard;
			sourceTree = "<group>";
		};
/* End PBXVariantGroup section */

/* Begin XCBuildConfiguration section */
		9327A77B280B23F80044C8D5 /* Debug */ = {
			isa = XCBuildConfiguration;
			buildSettings = {
				ALWAYS_SEARCH_USER_PATHS = NO;
				CLANG_ANALYZER_NONNULL = YES;
				CLANG_ANALYZER_NUMBER_OBJECT_CONVERSION = YES_AGGRESSIVE;
				CLANG_CXX_LANGUAGE_STANDARD = "gnu++17";
				CLANG_ENABLE_MODULES = YES;
				CLANG_ENABLE_OBJC_ARC = YES;
				CLANG_ENABLE_OBJC_WEAK = YES;
				CLANG_WARN_BLOCK_CAPTURE_AUTORELEASING = YES;
				CLANG_WARN_BOOL_CONVERSION = YES;
				CLANG_WARN_COMMA = YES;
				CLANG_WARN_CONSTANT_CONVERSION = YES;
				CLANG_WARN_DEPRECATED_OBJC_IMPLEMENTATIONS = YES;
				CLANG_WARN_DIRECT_OBJC_ISA_USAGE = YES_ERROR;
				CLANG_WARN_DOCUMENTATION_COMMENTS = YES;
				CLANG_WARN_EMPTY_BODY = YES;
				CLANG_WARN_ENUM_CONVERSION = YES;
				CLANG_WARN_INFINITE_RECURSION = YES;
				CLANG_WARN_INT_CONVERSION = YES;
				CLANG_WARN_NON_LITERAL_NULL_CONVERSION = YES;
				CLANG_WARN_OBJC_IMPLICIT_RETAIN_SELF = YES;
				CLANG_WARN_OBJC_LITERAL_CONVERSION = YES;
				CLANG_WARN_OBJC_ROOT_CLASS = YES_ERROR;
				CLANG_WARN_QUOTED_INCLUDE_IN_FRAMEWORK_HEADER = YES;
				CLANG_WARN_RANGE_LOOP_ANALYSIS = YES;
				CLANG_WARN_STRICT_PROTOTYPES = YES;
				CLANG_WARN_SUSPICIOUS_MOVE = YES;
				CLANG_WARN_UNGUARDED_AVAILABILITY = YES_AGGRESSIVE;
				CLANG_WARN_UNREACHABLE_CODE = YES;
				CLANG_WARN__DUPLICATE_METHOD_MATCH = YES;
				COPY_PHASE_STRIP = NO;
				DEBUG_INFORMATION_FORMAT = dwarf;
				ENABLE_STRICT_OBJC_MSGSEND = YES;
				ENABLE_TESTABILITY = YES;
				GCC_C_LANGUAGE_STANDARD = gnu11;
				GCC_DYNAMIC_NO_PIC = NO;
				GCC_NO_COMMON_BLOCKS = YES;
				GCC_OPTIMIZATION_LEVEL = 0;
				GCC_PREPROCESSOR_DEFINITIONS = (
					"DEBUG=1",
					"$(inherited)",
				);
				GCC_WARN_64_TO_32_BIT_CONVERSION = YES;
				GCC_WARN_ABOUT_RETURN_TYPE = YES_ERROR;
				GCC_WARN_UNDECLARED_SELECTOR = YES;
				GCC_WARN_UNINITIALIZED_AUTOS = YES_AGGRESSIVE;
				GCC_WARN_UNUSED_FUNCTION = YES;
				GCC_WARN_UNUSED_VARIABLE = YES;
				IPHONEOS_DEPLOYMENT_TARGET = 15.4;
				MTL_ENABLE_DEBUG_INFO = INCLUDE_SOURCE;
				MTL_FAST_MATH = YES;
				ONLY_ACTIVE_ARCH = YES;
				SDKROOT = iphoneos;
				SWIFT_ACTIVE_COMPILATION_CONDITIONS = DEBUG;
				SWIFT_OPTIMIZATION_LEVEL = "-Onone";
			};
			name = Debug;
		};
		9327A77C280B23F80044C8D5 /* Release */ = {
			isa = XCBuildConfiguration;
			buildSettings = {
				ALWAYS_SEARCH_USER_PATHS = NO;
				CLANG_ANALYZER_NONNULL = YES;
				CLANG_ANALYZER_NUMBER_OBJECT_CONVERSION = YES_AGGRESSIVE;
				CLANG_CXX_LANGUAGE_STANDARD = "gnu++17";
				CLANG_ENABLE_MODULES = YES;
				CLANG_ENABLE_OBJC_ARC = YES;
				CLANG_ENABLE_OBJC_WEAK = YES;
				CLANG_WARN_BLOCK_CAPTURE_AUTORELEASING = YES;
				CLANG_WARN_BOOL_CONVERSION = YES;
				CLANG_WARN_COMMA = YES;
				CLANG_WARN_CONSTANT_CONVERSION = YES;
				CLANG_WARN_DEPRECATED_OBJC_IMPLEMENTATIONS = YES;
				CLANG_WARN_DIRECT_OBJC_ISA_USAGE = YES_ERROR;
				CLANG_WARN_DOCUMENTATION_COMMENTS = YES;
				CLANG_WARN_EMPTY_BODY = YES;
				CLANG_WARN_ENUM_CONVERSION = YES;
				CLANG_WARN_INFINITE_RECURSION = YES;
				CLANG_WARN_INT_CONVERSION = YES;
				CLANG_WARN_NON_LITERAL_NULL_CONVERSION = YES;
				CLANG_WARN_OBJC_IMPLICIT_RETAIN_SELF = YES;
				CLANG_WARN_OBJC_LITERAL_CONVERSION = YES;
				CLANG_WARN_OBJC_ROOT_CLASS = YES_ERROR;
				CLANG_WARN_QUOTED_INCLUDE_IN_FRAMEWORK_HEADER = YES;
				CLANG_WARN_RANGE_LOOP_ANALYSIS = YES;
				CLANG_WARN_STRICT_PROTOTYPES = YES;
				CLANG_WARN_SUSPICIOUS_MOVE = YES;
				CLANG_WARN_UNGUARDED_AVAILABILITY = YES_AGGRESSIVE;
				CLANG_WARN_UNREACHABLE_CODE = YES;
				CLANG_WARN__DUPLICATE_METHOD_MATCH = YES;
				COPY_PHASE_STRIP = NO;
				DEBUG_INFORMATION_FORMAT = "dwarf-with-dsym";
				ENABLE_NS_ASSERTIONS = NO;
				ENABLE_STRICT_OBJC_MSGSEND = YES;
				GCC_C_LANGUAGE_STANDARD = gnu11;
				GCC_NO_COMMON_BLOCKS = YES;
				GCC_WARN_64_TO_32_BIT_CONVERSION = YES;
				GCC_WARN_ABOUT_RETURN_TYPE = YES_ERROR;
				GCC_WARN_UNDECLARED_SELECTOR = YES;
				GCC_WARN_UNINITIALIZED_AUTOS = YES_AGGRESSIVE;
				GCC_WARN_UNUSED_FUNCTION = YES;
				GCC_WARN_UNUSED_VARIABLE = YES;
				IPHONEOS_DEPLOYMENT_TARGET = 15.4;
				MTL_ENABLE_DEBUG_INFO = NO;
				MTL_FAST_MATH = YES;
				SDKROOT = iphoneos;
				SWIFT_COMPILATION_MODE = wholemodule;
				SWIFT_OPTIMIZATION_LEVEL = "-O";
				VALIDATE_PRODUCT = YES;
			};
			name = Release;
		};
		9327A77E280B23F80044C8D5 /* Debug */ = {
			isa = XCBuildConfiguration;
			buildSettings = {
				ASSETCATALOG_COMPILER_APPICON_NAME = AppIcon;
				ASSETCATALOG_COMPILER_GLOBAL_ACCENT_COLOR_NAME = AccentColor;
				CODE_SIGN_STYLE = Automatic;
				CURRENT_PROJECT_VERSION = 1;
				DEVELOPMENT_TEAM = 9BT9ZG6WD3;
				GENERATE_INFOPLIST_FILE = YES;
				INFOPLIST_FILE = "Pocket Fauci/Info.plist";
				INFOPLIST_KEY_UIApplicationSupportsIndirectInputEvents = YES;
				INFOPLIST_KEY_UILaunchStoryboardName = LaunchScreen;
				INFOPLIST_KEY_UIMainStoryboardFile = Main;
				INFOPLIST_KEY_UISupportedInterfaceOrientations_iPad = "UIInterfaceOrientationPortrait UIInterfaceOrientationPortraitUpsideDown UIInterfaceOrientationLandscapeLeft UIInterfaceOrientationLandscapeRight";
				INFOPLIST_KEY_UISupportedInterfaceOrientations_iPhone = "UIInterfaceOrientationPortrait UIInterfaceOrientationLandscapeLeft UIInterfaceOrientationLandscapeRight";
				LD_RUNPATH_SEARCH_PATHS = (
					"$(inherited)",
					"@executable_path/Frameworks",
				);
				MARKETING_VERSION = 1.0;
				PRODUCT_BUNDLE_IDENTIFIER = "Chris-Bond.Pocket-Fauci";
				PRODUCT_NAME = "$(TARGET_NAME)";
				SWIFT_EMIT_LOC_STRINGS = YES;
				SWIFT_VERSION = 5.0;
				TARGETED_DEVICE_FAMILY = "1,2";
			};
			name = Debug;
		};
		9327A77F280B23F80044C8D5 /* Release */ = {
			isa = XCBuildConfiguration;
			buildSettings = {
				ASSETCATALOG_COMPILER_APPICON_NAME = AppIcon;
				ASSETCATALOG_COMPILER_GLOBAL_ACCENT_COLOR_NAME = AccentColor;
				CODE_SIGN_STYLE = Automatic;
				CURRENT_PROJECT_VERSION = 1;
				DEVELOPMENT_TEAM = 9BT9ZG6WD3;
				GENERATE_INFOPLIST_FILE = YES;
				INFOPLIST_FILE = "Pocket Fauci/Info.plist";
				INFOPLIST_KEY_UIApplicationSupportsIndirectInputEvents = YES;
				INFOPLIST_KEY_UILaunchStoryboardName = LaunchScreen;
				INFOPLIST_KEY_UIMainStoryboardFile = Main;
				INFOPLIST_KEY_UISupportedInterfaceOrientations_iPad = "UIInterfaceOrientationPortrait UIInterfaceOrientationPortraitUpsideDown UIInterfaceOrientationLandscapeLeft UIInterfaceOrientationLandscapeRight";
				INFOPLIST_KEY_UISupportedInterfaceOrientations_iPhone = "UIInterfaceOrientationPortrait UIInterfaceOrientationLandscapeLeft UIInterfaceOrientationLandscapeRight";
				LD_RUNPATH_SEARCH_PATHS = (
					"$(inherited)",
					"@executable_path/Frameworks",
				);
				MARKETING_VERSION = 1.0;
				PRODUCT_BUNDLE_IDENTIFIER = "Chris-Bond.Pocket-Fauci";
				PRODUCT_NAME = "$(TARGET_NAME)";
				SWIFT_EMIT_LOC_STRINGS = YES;
				SWIFT_VERSION = 5.0;
				TARGETED_DEVICE_FAMILY = "1,2";
			};
			name = Release;
		};
/* End XCBuildConfiguration section */

/* Begin XCConfigurationList section */
		9327A764280B23F20044C8D5 /* Build configuration list for PBXProject "Pocket Fauci" */ = {
			isa = XCConfigurationList;
			buildConfigurations = (
				9327A77B280B23F80044C8D5 /* Debug */,
				9327A77C280B23F80044C8D5 /* Release */,
			);
			defaultConfigurationIsVisible = 0;
			defaultConfigurationName = Release;
		};
		9327A77D280B23F80044C8D5 /* Build configuration list for PBXNativeTarget "Pocket Fauci" */ = {
			isa = XCConfigurationList;
			buildConfigurations = (
				9327A77E280B23F80044C8D5 /* Debug */,
				9327A77F280B23F80044C8D5 /* Release */,
			);
			defaultConfigurationIsVisible = 0;
			defaultConfigurationName = Release;
		};
/* End XCConfigurationList section */
	};
	rootObject = 9327A761280B23F20044C8D5 /* Project object */;
}
